
Microsoft Visual Studio Solution File, Format Version 12.00
# Visual Studio Version 16
VisualStudioVersion = 16.0.30406.217
MinimumVisualStudioVersion = 10.0.40219.1
Project("{FAE04EC0-301F-11D3-BF4B-00C04F79EFBC}") = "WeatherForcast", "WeatherForcast\WeatherForcast.csproj", "{AEB4C690-A6F7-4F85-8505-B74B791D5689}"
EndProject
Project("{FAE04EC0-301F-11D3-BF4B-00C04F79EFBC}") = "DiceTestProject", "DiceTestProject\DiceTestProject.csproj", "{B4030551-71A2-416F-806B-BADD21EA6F76}"
EndProject
Global
	GlobalSection(SolutionConfigurationPlatforms) = preSolution
		Debug|Any CPU = Debug|Any CPU
		Release|Any CPU = Release|Any CPU
	EndGlobalSection
	GlobalSection(ProjectConfigurationPlatforms) = postSolution
		{AEB4C690-A6F7-4F85-8505-B74B791D5689}.Debug|Any CPU.ActiveCfg = Debug|Any CPU
		{AEB4C690-A6F7-4F85-8505-B74B791D5689}.Debug|Any CPU.Build.0 = Debug|Any CPU
		{AEB4C690-A6F7-4F85-8505-B74B791D5689}.Release|Any CPU.ActiveCfg = Release|Any CPU
		{AEB4C690-A6F7-4F85-8505-B74B791D5689}.Release|Any CPU.Build.0 = Release|Any CPU
		{B4030551-71A2-416F-806B-BADD21EA6F76}.Debug|Any CPU.ActiveCfg = Debug|Any CPU
		{B4030551-71A2-416F-806B-BADD21EA6F76}.Debug|Any CPU.Build.0 = Debug|Any CPU
		{B4030551-71A2-416F-806B-BADD21EA6F76}.Release|Any CPU.ActiveCfg = Release|Any CPU
		{B4030551-71A2-416F-806B-BADD21EA6F76}.Release|Any CPU.Build.0 = Release|Any CPU
	EndGlobalSection
	GlobalSection(SolutionProperties) = preSolution
		HideSolutionNode = FALSE
	EndGlobalSection
	GlobalSection(ExtensibilityGlobals) = postSolution
		SolutionGuid = {C8E7D15D-792F-46C7-875D-CCCFC6A2BA4A}
	EndGlobalSection
EndGlobal
